
Microsoft Visual Studio Solution File, Format Version 12.00
# Visual Studio 2012
Project("{FAE04EC0-301F-11D3-BF4B-00C04F79EFBC}") = "EventPlanning", "EventPlanning\EventPlanning.csproj", "{82B50CE0-DAD7-40D2-A039-90ED9214EA0C}"
EndProject
Project("{FAE04EC0-301F-11D3-BF4B-00C04F79EFBC}") = "EventPlanning.Tests", "EventPlanning.Tests\EventPlanning.Tests.csproj", "{2C9898C3-043E-422F-88E6-433CF29DBB5C}"
EndProject
Global
	GlobalSection(SolutionConfigurationPlatforms) = preSolution
		Debug|Any CPU = Debug|Any CPU
		Release|Any CPU = Release|Any CPU
	EndGlobalSection
	GlobalSection(ProjectConfigurationPlatforms) = postSolution
		{82B50CE0-DAD7-40D2-A039-90ED9214EA0C}.Debug|Any CPU.ActiveCfg = Debug|Any CPU
		{82B50CE0-DAD7-40D2-A039-90ED9214EA0C}.Debug|Any CPU.Build.0 = Debug|Any CPU
		{82B50CE0-DAD7-40D2-A039-90ED9214EA0C}.Release|Any CPU.ActiveCfg = Release|Any CPU
		{82B50CE0-DAD7-40D2-A039-90ED9214EA0C}.Release|Any CPU.Build.0 = Release|Any CPU
		{2C9898C3-043E-422F-88E6-433CF29DBB5C}.Debug|Any CPU.ActiveCfg = Debug|Any CPU
		{2C9898C3-043E-422F-88E6-433CF29DBB5C}.Debug|Any CPU.Build.0 = Debug|Any CPU
		{2C9898C3-043E-422F-88E6-433CF29DBB5C}.Release|Any CPU.ActiveCfg = Release|Any CPU
		{2C9898C3-043E-422F-88E6-433CF29DBB5C}.Release|Any CPU.Build.0 = Release|Any CPU
	EndGlobalSection
	GlobalSection(SolutionProperties) = preSolution
		HideSolutionNode = FALSE
	EndGlobalSection
EndGlobal
